{
  "nodes": {
    "grimoire-social": {
      "flake": false,
      "locked": {
        "lastModified": 1785648456,
        "narHash": "sha256-AR2rTNDuge19t+VAqL/I6dmB8f5niIqINmNnRL70k94=",
        "owner": "Slush97",
        "repo": "grimoire-social",
        "rev": "e97a59d7cd55fc1ae1e11a56ca2fde5305de9c4f",
        "type": "github"
      },
      "original": {
        "owner": "Slush97",
        "repo": "grimoire-social",
        "type": "github"
      }
    },
    "nixpkgs": {
      "locked": {
        "lastModified": 1787070829,
        "narHash": "sha256-vXNVDVtvfiQuXthP0NHPFdNvvMTkGpx0UP8oddIWbNk=",
        "owner": "NixOS",
        "repo": "nixpkgs",
        "rev": "0ae2bc1419c3f345984c2629e72e7a631820fa4d",
        "type": "github"
      },
      "original": {
        "owner": "NixOS",
        "ref": "nixos-unstable",
        "repo": "nixpkgs",
        "type": "github"
      }
    },
    "root": {
      "inputs": {
        "grimoire-social": "grimoire-social",
        "nixpkgs": "nixpkgs",
        "vpkmerge": "vpkmerge"
      }
    },
    "vpkmerge": {
      "flake": false,
      "locked": {
        "lastModified": 1791603794,
        "narHash": "sha256-RmU2EWMDE0VmzInkTzjvkRpvEktLBDyKD47JMENOlYY=",
        "owner": "Slush97",
        "repo": "vpkmerge",
        "rev": "b05118fc17b61f718d041cd546e03512c1a9f65d",
        "type": "github"
      },
      "original": {
        "owner": "Slush97",
        "ref": "v0.21.1",
        "repo": "vpkmerge",
        "type": "github"
      }
    }
  },
  "root": "root",
  "version": 7
}
